<?xml version="1.0" encoding="utf-8"?>
<Project ToolsVersion="4.0" xmlns="http://schemas.microsoft.com/developer/msbuild/2003">
  <ItemGroup>
    <Filter Include="Source Files">
      <UniqueIdentifier>{4FC737F1-C7A5-4376-A066-2A32D752A2FF}</UniqueIdentifier>
      <Extensions>cpp;c;cc;cxx;def;odl;idl;hpj;bat;asm;asmx</Extensions>
    </Filter>
    <Filter Include="Header Files">
      <UniqueIdentifier>{93995380-89BD-4b04-88EB-625FBE52EBFB}</UniqueIdentifier>
      <Extensions>h;hh;hpp;hxx;hm;inl;inc;xsd</Extensions>
    </Filter>
    <Filter Include="Resource Files">
      <UniqueIdentifier>{67DA6AB6-F800-4c08-8B7A-83BB121AAD01}</UniqueIdentifier>
      <Extensions>rc;ico;cur;bmp;dlg;rc2;rct;bin;rgs;gif;jpg;jpeg;jpe;resx;tiff;tif;png;wav</Extensions>
    </Filter>
  </ItemGroup>
  <ItemGroup>
    <ClCompile Include="src\main.c">
      <Filter>Source Files</Filter>
    </ClCompile>
    <ClCompile Include="src\io\file.c">
      <Filter>Source Files</Filter>
    </ClCompile>
    <ClCompile Include="src\error.c">
      <Filter>Source Files</Filter>
    </ClCompile>
    <ClCompile Include="src\util.c">
      <Filter>Source Files</Filter>
    </ClCompile>
    <ClCompile Include="src\mcstr.c">
      <Filter>Source Files</Filter>
    </ClCompile>
    <ClCompile Include="external\cwalk\cwalk.c">
      <Filter>Source Files</Filter>
    </ClCompile>
    <ClCompile Include="src\disp.c">
      <Filter>Source Files</Filter>
    </ClCompile>
    <ClCompile Include="src\adt\ht.c">
      <Filter>Source Files</Filter>
    </ClCompile>
    <ClCompile Include="src\mcmatrix.c">
      <Filter>Source Files</Filter>
    </ClCompile>
    <ClCompile Include="src\mcobj.c">
      <Filter>Source Files</Filter>
    </ClCompile>
    <ClCompile Include="src\io\strnorm.c">
      <Filter>Source Files</Filter>
    </ClCompile>
    <ClCompile Include="src\io\buffer.c">
      <Filter>Source Files</Filter>
    </ClCompile>
    <ClCompile Include="src\io\norm.c">
      <Filter>Source Files</Filter>
    </ClCompile>
    <ClCompile Include="src\lex\lexer.c">
      <Filter>Source Files</Filter>
    </ClCompile>
    <ClCompile Include="src\lex\token.c">
      <Filter>Source Files</Filter>
    </ClCompile>
    <ClCompile Include="src\lex\nextc.c">
      <Filter>Source Files</Filter>
    </ClCompile>
    <ClCompile Include="src\io\enc.c">
      <Filter>Source Files</Filter>
    </ClCompile>
    <ClCompile Include="src\adt\array.void.c">
      <Filter>Source Files</Filter>
    </ClCompile>
    <ClCompile Include="src\adt\vector.void.c">
      <Filter>Source Files</Filter>
    </ClCompile>
    <ClCompile Include="src\adt\vector.c">
      <Filter>Source Files</Filter>
    </ClCompile>
    <ClCompile Include="src\parse\ast.c">
      <Filter>Source Files</Filter>
    </ClCompile>
    <ClCompile Include="src\parse\parser.c">
      <Filter>Source Files</Filter>
    </ClCompile>
    <ClCompile Include="src\parse\lstack.c">
      <Filter>Source Files</Filter>
    </ClCompile>
    <ClCompile Include="src\parse\popen.c">
      <Filter>Source Files</Filter>
    </ClCompile>
    <ClCompile Include="src\vm\symtab.c">
      <Filter>Source Files</Filter>
    </ClCompile>
    <ClCompile Include="src\vm\vm.c">
      <Filter>Source Files</Filter>
    </ClCompile>
    <ClCompile Include="src\vm\opcode.c">
      <Filter>Source Files</Filter>
    </ClCompile>
    <ClCompile Include="src\comp\comp.c">
      <Filter>Source Files</Filter>
    </ClCompile>
    <ClCompile Include="src\vm\co.c">
      <Filter>Source Files</Filter>
    </ClCompile>
    <ClCompile Include="src\adt\vector.byte.c">
      <Filter>Source Files</Filter>
    </ClCompile>
    <ClCompile Include="src\adt\sb.c">
      <Filter>Source Files</Filter>
    </ClCompile>
    <ClCompile Include="src\comp\dis.c">
      <Filter>Source Files</Filter>
    </ClCompile>
    <ClCompile Include="src\matrix.double.c">
      <Filter>Source Files</Filter>
    </ClCompile>
    <ClCompile Include="src\mcmath.c">
      <Filter>Source Files</Filter>
    </ClCompile>
    <ClCompile Include="src\matrix.bool.c">
      <Filter>Source Files</Filter>
    </ClCompile>
    <ClCompile Include="src\vm\vmexcept.c">
      <Filter>Source Files</Filter>
    </ClCompile>
    <ClCompile Include="src\vm\nametab.c">
      <Filter>Source Files</Filter>
    </ClCompile>
    <ClCompile Include="src\vm\frame.c">
      <Filter>Source Files</Filter>
    </ClCompile>
    <ClCompile Include="src\vm\sym.c">
      <Filter>Source Files</Filter>
    </ClCompile>
    <ClCompile Include="src\adt\vector.int.c">
      <Filter>Source Files</Filter>
    </ClCompile>
    <ClCompile Include="src\lex\scoord.c">
      <Filter>Source Files</Filter>
    </ClCompile>
    <ClCompile Include="src\parse\semantic.c">
      <Filter>Source Files</Filter>
    </ClCompile>
    <ClCompile Include="src\comp\patcher.c">
      <Filter>Source Files</Filter>
    </ClCompile>
    <ClCompile Include="src\mcprint.c">
      <Filter>Source Files</Filter>
    </ClCompile>
  </ItemGroup>
  <ItemGroup>
    <ClInclude Include="src\res\resource.h">
      <Filter>Header Files</Filter>
    </ClInclude>
    <ClInclude Include="include\private\io\file.h">
      <Filter>Header Files</Filter>
    </ClInclude>
    <ClInclude Include="include\private\common.h">
      <Filter>Header Files</Filter>
    </ClInclude>
    <ClInclude Include="include\private\lisp.h">
      <Filter>Header Files</Filter>
    </ClInclude>
    <ClInclude Include="src\res\ver.h">
      <Filter>Header Files</Filter>
    </ClInclude>
    <ClInclude Include="include\private\error.h">
      <Filter>Header Files</Filter>
    </ClInclude>
    <ClInclude Include="include\private\util.h">
      <Filter>Header Files</Filter>
    </ClInclude>
    <ClInclude Include="include\vector.h">
      <Filter>Header Files</Filter>
    </ClInclude>
    <ClInclude Include="include\private\lex\lexer.h">
      <Filter>Header Files</Filter>
    </ClInclude>
    <ClInclude Include="include\private\lex\token.h">
      <Filter>Header Files</Filter>
    </ClInclude>
    <ClInclude Include="include\private\lex\tokens.h">
      <Filter>Header Files</Filter>
    </ClInclude>
    <ClInclude Include="include\private\parse\parser.h">
      <Filter>Header Files</Filter>
    </ClInclude>
    <ClInclude Include="include\private\parse\ast.h">
      <Filter>Header Files</Filter>
    </ClInclude>
    <ClInclude Include="include\private\adt\ht.h">
      <Filter>Header Files</Filter>
    </ClInclude>
    <ClInclude Include="include\private\vm\ins.h">
      <Filter>Header Files</Filter>
    </ClInclude>
    <ClInclude Include="include\mc.h">
      <Filter>Header Files</Filter>
    </ClInclude>
    <ClInclude Include="include\private\vm\obj.h">
      <Filter>Header Files</Filter>
    </ClInclude>
    <ClInclude Include="include\private\vm\vm.h">
      <Filter>Header Files</Filter>
    </ClInclude>
    <ClInclude Include="include\mcmatrix.h">
      <Filter>Header Files</Filter>
    </ClInclude>
    <ClInclude Include="include\mcstr.h">
      <Filter>Header Files</Filter>
    </ClInclude>
    <ClInclude Include="include\private\mcdef.h">
      <Filter>Header Files</Filter>
    </ClInclude>
    <ClInclude Include="include\private\io\strnorm.h">
      <Filter>Header Files</Filter>
    </ClInclude>
    <ClInclude Include="include\private\io\buffer.h">
      <Filter>Header Files</Filter>
    </ClInclude>
    <ClInclude Include="include\private\io\norm.h">
      <Filter>Header Files</Filter>
    </ClInclude>
    <ClInclude Include="include\private\lex\nextc.h">
      <Filter>Header Files</Filter>
    </ClInclude>
    <ClInclude Include="include\private\io\io.h">
      <Filter>Header Files</Filter>
    </ClInclude>
    <ClInclude Include="include\private\lex\state.h">
      <Filter>Header Files</Filter>
    </ClInclude>
    <ClInclude Include="include\private\lex\stack.h">
      <Filter>Header Files</Filter>
    </ClInclude>
    <ClInclude Include="include\private\io\enc.h">
      <Filter>Header Files</Filter>
    </ClInclude>
    <ClInclude Include="include\private\adt\array.h">
      <Filter>Header Files</Filter>
    </ClInclude>
    <ClInclude Include="include\private\adt\vector.h">
      <Filter>Header Files</Filter>
    </ClInclude>
    <ClInclude Include="include\private\adt\array_void.h">
      <Filter>Header Files</Filter>
    </ClInclude>
    <ClInclude Include="include\private\adt\vector.void.h">
      <Filter>Header Files</Filter>
    </ClInclude>
    <ClInclude Include="include\private\parse\lstack.h">
      <Filter>Header Files</Filter>
    </ClInclude>
    <ClInclude Include="include\private\vm\symtab.h">
      <Filter>Header Files</Filter>
    </ClInclude>
    <ClInclude Include="include\private\vm\co.h">
      <Filter>Header Files</Filter>
    </ClInclude>
    <ClInclude Include="include\private\parse\anodes.h">
      <Filter>Header Files</Filter>
    </ClInclude>
    <ClInclude Include="include\private\compiler\comp.h">
      <Filter>Header Files</Filter>
    </ClInclude>
    <ClInclude Include="include\private\vm\opcode.h">
      <Filter>Header Files</Filter>
    </ClInclude>
    <ClInclude Include="include\private\vm\opcodes.h">
      <Filter>Header Files</Filter>
    </ClInclude>
    <ClInclude Include="include\private\adt\vector.byte.h">
      <Filter>Header Files</Filter>
    </ClInclude>
    <ClInclude Include="include\private\adt\sb.h">
      <Filter>Header Files</Filter>
    </ClInclude>
    <ClInclude Include="include\private\compiler\dis.h">
      <Filter>Header Files</Filter>
    </ClInclude>
    <ClInclude Include="include\mcobj.h">
      <Filter>Header Files</Filter>
    </ClInclude>
    <ClInclude Include="include\config.h">
      <Filter>Header Files</Filter>
    </ClInclude>
    <ClInclude Include="include\private\matrix.double.h">
      <Filter>Header Files</Filter>
    </ClInclude>
    <ClInclude Include="include\private\mcmath.h">
      <Filter>Header Files</Filter>
    </ClInclude>
    <ClInclude Include="include\private\matrix.bool.h">
      <Filter>Header Files</Filter>
    </ClInclude>
    <ClInclude Include="include\private\vm\vmexcept.h">
      <Filter>Header Files</Filter>
    </ClInclude>
    <ClInclude Include="include\private\vm\nametab.h">
      <Filter>Header Files</Filter>
    </ClInclude>
    <ClInclude Include="include\private\vm\frame.h">
      <Filter>Header Files</Filter>
    </ClInclude>
    <ClInclude Include="include\private\vm\frames.h">
      <Filter>Header Files</Filter>
    </ClInclude>
    <ClInclude Include="include\private\vm\sym.h">
      <Filter>Header Files</Filter>
    </ClInclude>
    <ClInclude Include="include\private\adt\vector.int.h">
      <Filter>Header Files</Filter>
    </ClInclude>
    <ClInclude Include="include\private\parse\semantic.h">
      <Filter>Header Files</Filter>
    </ClInclude>
    <ClInclude Include="include\private\lex\scoord.h">
      <Filter>Header Files</Filter>
    </ClInclude>
    <ClInclude Include="include\private\compiler\patcher.h">
      <Filter>Header Files</Filter>
    </ClInclude>
  </ItemGroup>
  <ItemGroup>
    <ResourceCompile Include="src\res\mycas.rc">
      <Filter>Resource Files</Filter>
    </ResourceCompile>
  </ItemGroup>
  <ItemGroup>
    <None Include="matlab.g4" />
  </ItemGroup>
  <ItemGroup>
    <Text Include="src\OldCodeBackup.txt" />
  </ItemGroup>
</Project>